
Microsoft Visual Studio Solution File, Format Version 12.00
# Visual Studio 15
VisualStudioVersion = 15.0.27703.2035
MinimumVisualStudioVersion = 10.0.40219.1
Project("{FAE04EC0-301F-11D3-BF4B-00C04F79EFBC}") = "VueForm", "test\VueForm.csproj", "{6531A1FF-F9C7-42CA-9012-A1B3B72E1D57}"
EndProject
Project("{FAE04EC0-301F-11D3-BF4B-00C04F79EFBC}") = "UnitTestProject", "UnitTestProject\UnitTestProject.csproj", "{BD3F6E70-1796-414A-86B4-53C0749D514C}"
EndProject
Project("{FAE04EC0-301F-11D3-BF4B-00C04F79EFBC}") = "Metier", "Metier\Metier.csproj", "{EDC6DECB-0223-4BA3-B929-969076DA8979}"
EndProject
Global
	GlobalSection(SolutionConfigurationPlatforms) = preSolution
		Debug|Any CPU = Debug|Any CPU
		Release|Any CPU = Release|Any CPU
	EndGlobalSection
	GlobalSection(ProjectConfigurationPlatforms) = postSolution
		{6531A1FF-F9C7-42CA-9012-A1B3B72E1D57}.Debug|Any CPU.ActiveCfg = Debug|Any CPU
		{6531A1FF-F9C7-42CA-9012-A1B3B72E1D57}.Debug|Any CPU.Build.0 = Debug|Any CPU
		{6531A1FF-F9C7-42CA-9012-A1B3B72E1D57}.Release|Any CPU.ActiveCfg = Release|Any CPU
		{6531A1FF-F9C7-42CA-9012-A1B3B72E1D57}.Release|Any CPU.Build.0 = Release|Any CPU
		{BD3F6E70-1796-414A-86B4-53C0749D514C}.Debug|Any CPU.ActiveCfg = Debug|Any CPU
		{BD3F6E70-1796-414A-86B4-53C0749D514C}.Debug|Any CPU.Build.0 = Debug|Any CPU
		{BD3F6E70-1796-414A-86B4-53C0749D514C}.Release|Any CPU.ActiveCfg = Release|Any CPU
		{BD3F6E70-1796-414A-86B4-53C0749D514C}.Release|Any CPU.Build.0 = Release|Any CPU
		{EDC6DECB-0223-4BA3-B929-969076DA8979}.Debug|Any CPU.ActiveCfg = Debug|Any CPU
		{EDC6DECB-0223-4BA3-B929-969076DA8979}.Debug|Any CPU.Build.0 = Debug|Any CPU
		{EDC6DECB-0223-4BA3-B929-969076DA8979}.Release|Any CPU.ActiveCfg = Release|Any CPU
		{EDC6DECB-0223-4BA3-B929-969076DA8979}.Release|Any CPU.Build.0 = Release|Any CPU
	EndGlobalSection
	GlobalSection(SolutionProperties) = preSolution
		HideSolutionNode = FALSE
	EndGlobalSection
	GlobalSection(ExtensibilityGlobals) = postSolution
		SolutionGuid = {B3A94387-E8E9-4F1F-9C11-8E01BB08D711}
	EndGlobalSection
EndGlobal
